# THIS IS AN AUTOGENERATED FILE. DO NOT EDIT THIS FILE DIRECTLY.
# yarn lockfile v1


"@babel/helper-validator-identifier@^7.12.11":
  version "7.12.11"
  resolved "https://registry.npm.taobao.org/@babel/helper-validator-identifier/download/@babel/helper-validator-identifier-7.12.11.tgz?cache=0&sync_timestamp=1608076995361&other_urls=https%3A%2F%2Fregistry.npm.taobao.org%2F%40babel%2Fhelper-validator-identifier%2Fdownload%2F%40babel%2Fhelper-validator-identifier-7.12.11.tgz#c9a1f021917dcb5ccf0d4e453e399022981fc9ed"
  integrity sha1-yaHwIZF9y1zPDU5FPjmQIpgfye0=

"@babel/parser@^7.12.0", "@babel/parser@^7.13.9":
  version "7.13.13"
  resolved "https://registry.npm.taobao.org/@babel/parser/download/@babel/parser-7.13.13.tgz?cache=0&sync_timestamp=1616793721098&other_urls=https%3A%2F%2Fregistry.npm.taobao.org%2F%40babel%2Fparser%2Fdownload%2F%40babel%2Fparser-7.13.13.tgz#42f03862f4aed50461e543270916b47dd501f0df"
  integrity sha1-QvA4YvSu1QRh5UMnCRa0fdUB8N8=

"@babel/types@^7.12.0", "@babel/types@^7.13.0":
  version "7.13.14"
  resolved "https://registry.npm.taobao.org/@babel/types/download/@babel/types-7.13.14.tgz?cache=0&sync_timestamp=1617027383828&other_urls=https%3A%2F%2Fregistry.npm.taobao.org%2F%40babel%2Ftypes%2Fdownload%2F%40babel%2Ftypes-7.13.14.tgz#c35a4abb15c7cd45a2746d78ab328e362cbace0d"
  integrity sha1-w1pKuxXHzUWidG14qzKONiy6zg0=
  dependencies:
    "@babel/helper-validator-identifier" "^7.12.11"
    lodash "^4.17.19"
    to-fast-properties "^2.0.0"

"@howdyjs/animation-dialog@^1.6.5":
  version "1.6.5"
  resolved "https://registry.npmjs.org/@howdyjs/animation-dialog/-/animation-dialog-1.6.5.tgz#44f3d8fcc2d409341909c74fd73ca97abba99558"
  integrity sha512-K1pSYyjQSh5HHMQzmJGrM0k+mGeg8Kf/jTBqmkiJ8bfMbDhsnZgRxmwGdX6uHvkkZVcX/MXBOZqbyTq8Mtwonw==
  dependencies:
    tslib "^1.9.3"

"@howdyjs/mouse-menu@^1.6.4":
  version "1.6.4"
  resolved "https://registry.npmjs.org/@howdyjs/mouse-menu/-/mouse-menu-1.6.4.tgz#f279bc96cbb4fcea7d298d6bebeb9658e64882db"
  integrity sha512-QuA1U7ijIyVYi8j7gOMs2C/kMosbVmZn53q52NfZjtR5RHLVKolWhntdGFyLPtRRhlMSjfMcNWZBJ7Kmfl8MPg==
  dependencies:
    tslib "^1.9.3"

"@popperjs/core@^2.4.4":
  version "2.9.2"
  resolved "https://registry.npm.taobao.org/@popperjs/core/download/@popperjs/core-2.9.2.tgz?cache=0&sync_timestamp=1617290098226&other_urls=https%3A%2F%2Fregistry.npm.taobao.org%2F%40popperjs%2Fcore%2Fdownload%2F%40popperjs%2Fcore-2.9.2.tgz#adea7b6953cbb34651766b0548468e743c6a2353"
  integrity sha1-rep7aVPLs0ZRdmsFSEaOdDxqI1M=

"@rollup/pluginutils@^4.1.0":
  version "4.1.0"
  resolved "https://registry.npm.taobao.org/@rollup/pluginutils/download/@rollup/pluginutils-4.1.0.tgz?cache=0&sync_timestamp=1603767889260&other_urls=https%3A%2F%2Fregistry.npm.taobao.org%2F%40rollup%2Fpluginutils%2Fdownload%2F%40rollup%2Fpluginutils-4.1.0.tgz#0dcc61c780e39257554feb7f77207dceca13c838"
  integrity sha1-Dcxhx4DjkldVT+t/dyB9zsoTyDg=
  dependencies:
    estree-walker "^2.0.1"
    picomatch "^2.2.2"

"@types/node@^14.14.37":
  version "14.14.37"
  resolved "https://registry.npm.taobao.org/@types/node/download/@types/node-14.14.37.tgz?cache=0&sync_timestamp=1616803582959&other_urls=https%3A%2F%2Fregistry.npm.taobao.org%2F%40types%2Fnode%2Fdownload%2F%40types%2Fnode-14.14.37.tgz#a3dd8da4eb84a996c36e331df98d82abd76b516e"
  integrity sha1-o92NpOuEqZbDbjMd+Y2Cq9drUW4=

"@vitejs/plugin-vue@^1.1.5":
  version "1.2.0"
  resolved "https://registry.npm.taobao.org/@vitejs/plugin-vue/download/@vitejs/plugin-vue-1.2.0.tgz#f0a92470b74761f90afc8cda204fa3bec9df09f4"
  integrity sha1-8KkkcLdHYfkK/IzaIE+jvsnfCfQ=

"@vue/compiler-core@3.0.9":
  version "3.0.9"
  resolved "https://registry.npm.taobao.org/@vue/compiler-core/download/@vue/compiler-core-3.0.9.tgz?cache=0&sync_timestamp=1616859274625&other_urls=https%3A%2F%2Fregistry.npm.taobao.org%2F%40vue%2Fcompiler-core%2Fdownload%2F%40vue%2Fcompiler-core-3.0.9.tgz#ec7efa676889aee006fc43739ee4a67a952ac623"
  integrity sha1-7H76Z2iJruAG/ENznuSmepUqxiM=
  dependencies:
    "@babel/parser" "^7.12.0"
    "@babel/types" "^7.12.0"
    "@vue/shared" "3.0.9"
    estree-walker "^2.0.1"
    source-map "^0.6.1"

"@vue/compiler-dom@3.0.9":
  version "3.0.9"
  resolved "https://registry.npm.taobao.org/@vue/compiler-dom/download/@vue/compiler-dom-3.0.9.tgz?cache=0&sync_timestamp=1616859275222&other_urls=https%3A%2F%2Fregistry.npm.taobao.org%2F%40vue%2Fcompiler-dom%2Fdownload%2F%40vue%2Fcompiler-dom-3.0.9.tgz#1fd554097d9ab36eca73bc6d0d9607fecf94e71c"
  integrity sha1-H9VUCX2as27Kc7xtDZYH/s+U5xw=
  dependencies:
    "@vue/compiler-core" "3.0.9"
    "@vue/shared" "3.0.9"

"@vue/compiler-sfc@^3.0.5":
  version "3.0.9"
  resolved "https://registry.npm.taobao.org/@vue/compiler-sfc/download/@vue/compiler-sfc-3.0.9.tgz#0f993a6e159ca6ad351d8ee0c4734771d2590115"
  integrity sha1-D5k6bhWcpq01HY7gxHNHcdJZARU=
  dependencies:
    "@babel/parser" "^7.13.9"
    "@babel/types" "^7.13.0"
    "@vue/compiler-core" "3.0.9"
    "@vue/compiler-dom" "3.0.9"
    "@vue/compiler-ssr" "3.0.9"
    "@vue/shared" "3.0.9"
    consolidate "^0.16.0"
    estree-walker "^2.0.1"
    hash-sum "^2.0.0"
    lru-cache "^5.1.1"
    magic-string "^0.25.7"
    merge-source-map "^1.1.0"
    postcss "^8.1.10"
    postcss-modules "^4.0.0"
    postcss-selector-parser "^6.0.4"
    source-map "^0.6.1"

"@vue/compiler-ssr@3.0.9":
  version "3.0.9"
  resolved "https://registry.npm.taobao.org/@vue/compiler-ssr/download/@vue/compiler-ssr-3.0.9.tgz?cache=0&sync_timestamp=1616859275402&other_urls=https%3A%2F%2Fregistry.npm.taobao.org%2F%40vue%2Fcompiler-ssr%2Fdownload%2F%40vue%2Fcompiler-ssr-3.0.9.tgz#aebce25e573b9db34964b682bb1631a7240ba43d"
  integrity sha1-rrziXlc7nbNJZLaCuxYxpyQLpD0=
  dependencies:
    "@vue/compiler-dom" "3.0.9"
    "@vue/shared" "3.0.9"

"@vue/reactivity@3.0.9":
  version "3.0.9"
  resolved "https://registry.npm.taobao.org/@vue/reactivity/download/@vue/reactivity-3.0.9.tgz?cache=0&sync_timestamp=1616859275607&other_urls=https%3A%2F%2Fregistry.npm.taobao.org%2F%40vue%2Freactivity%2Fdownload%2F%40vue%2Freactivity-3.0.9.tgz#875f241b8c10262560b190ccdeff2d0ab7053e11"
  integrity sha1-h18kG4wQJiVgsZDM3v8tCrcFPhE=
  dependencies:
    "@vue/shared" "3.0.9"

"@vue/runtime-core@3.0.9":
  version "3.0.9"
  resolved "https://registry.npm.taobao.org/@vue/runtime-core/download/@vue/runtime-core-3.0.9.tgz?cache=0&sync_timestamp=1616859275792&other_urls=https%3A%2F%2Fregistry.npm.taobao.org%2F%40vue%2Fruntime-core%2Fdownload%2F%40vue%2Fruntime-core-3.0.9.tgz#9665f149468355a524a304cb8f260147a4d294e6"
  integrity sha1-lmXxSUaDVaUkowTLjyYBR6TSlOY=
  dependencies:
    "@vue/reactivity" "3.0.9"
    "@vue/shared" "3.0.9"

"@vue/runtime-dom@3.0.9":
  version "3.0.9"
  resolved "https://registry.npm.taobao.org/@vue/runtime-dom/download/@vue/runtime-dom-3.0.9.tgz?cache=0&sync_timestamp=1616859275989&other_urls=https%3A%2F%2Fregistry.npm.taobao.org%2F%40vue%2Fruntime-dom%2Fdownload%2F%40vue%2Fruntime-dom-3.0.9.tgz#16a1d001dc746a9f346ee7fb9de90d52ad097b61"
  integrity sha1-FqHQAdx0ap80buf7nekNUq0Je2E=
  dependencies:
    "@vue/runtime-core" "3.0.9"
    "@vue/shared" "3.0.9"
    csstype "^2.6.8"

"@vue/shared@3.0.9":
  version "3.0.9"
  resolved "https://registry.npm.taobao.org/@vue/shared/download/@vue/shared-3.0.9.tgz?cache=0&sync_timestamp=1616859276455&other_urls=https%3A%2F%2Fregistry.npm.taobao.org%2F%40vue%2Fshared%2Fdownload%2F%40vue%2Fshared-3.0.9.tgz#09882d745ded52b07e4481d036659d733edd2a9a"
  integrity sha1-CYgtdF3tUrB+RIHQNmWdcz7dKpo=

anymatch@~3.1.1:
  version "3.1.1"
  resolved "https://registry.npm.taobao.org/anymatch/download/anymatch-3.1.1.tgz#c55ecf02185e2469259399310c173ce31233b142"
  integrity sha1-xV7PAhheJGklk5kxDBc84xIzsUI=
  dependencies:
    normalize-path "^3.0.0"
    picomatch "^2.0.4"

async-validator@^3.4.0:
  version "3.5.1"
  resolved "https://registry.npm.taobao.org/async-validator/download/async-validator-3.5.1.tgz?cache=0&sync_timestamp=1605749896979&other_urls=https%3A%2F%2Fregistry.npm.taobao.org%2Fasync-validator%2Fdownload%2Fasync-validator-3.5.1.tgz#cd62b9688b2465f48420e27adb47760ab1b5559f"
  integrity sha1-zWK5aIskZfSEIOJ620d2CrG1VZ8=

balanced-match@^1.0.0:
  version "1.0.0"
  resolved "https://registry.npm.taobao.org/balanced-match/download/balanced-match-1.0.0.tgz#89b4d199ab2bee49de164ea02b89ce462d71b767"
  integrity sha1-ibTRmasr7kneFk6gK4nORi1xt2c=

big-integer@^1.6.17:
  version "1.6.48"
  resolved "https://registry.npm.taobao.org/big-integer/download/big-integer-1.6.48.tgz#8fd88bd1632cba4a1c8c3e3d7159f08bb95b4b9e"
  integrity sha1-j9iL0WMsukocjD49cVnwi7lbS54=

big.js@^5.2.2:
  version "5.2.2"
  resolved "https://registry.npm.taobao.org/big.js/download/big.js-5.2.2.tgz#65f0af382f578bcdc742bd9c281e9cb2d7768328"
  integrity sha1-ZfCvOC9Xi83HQr2cKB6cstd2gyg=

binary-extensions@^2.0.0:
  version "2.2.0"
  resolved "https://registry.npm.taobao.org/binary-extensions/download/binary-extensions-2.2.0.tgz?cache=0&sync_timestamp=1610299308660&other_urls=https%3A%2F%2Fregistry.npm.taobao.org%2Fbinary-extensions%2Fdownload%2Fbinary-extensions-2.2.0.tgz#75f502eeaf9ffde42fc98829645be4ea76bd9e2d"
  integrity sha1-dfUC7q+f/eQvyYgpZFvk6na9ni0=

binary@~0.3.0:
  version "0.3.0"
  resolved "https://registry.npm.taobao.org/binary/download/binary-0.3.0.tgz#9f60553bc5ce8c3386f3b553cff47462adecaa79"
  integrity sha1-n2BVO8XOjDOG87VTz/R0Yq3sqnk=
  dependencies:
    buffers "~0.1.1"
    chainsaw "~0.1.0"

bluebird@^3.7.2:
  version "3.7.2"
  resolved "https://registry.npm.taobao.org/bluebird/download/bluebird-3.7.2.tgz#9f229c15be272454ffa973ace0dbee79a1b0c36f"
  integrity sha1-nyKcFb4nJFT/qXOs4NvueaGww28=

bluebird@~3.4.1:
  version "3.4.7"
  resolved "https://registry.npm.taobao.org/bluebird/download/bluebird-3.4.7.tgz#f72d760be09b7f76d08ed8fae98b289a8d05fab3"
  integrity sha1-9y12C+Cbf3bQjtj66Ysomo0F+rM=

brace-expansion@^1.1.7:
  version "1.1.11"
  resolved "https://registry.npm.taobao.org/brace-expansion/download/brace-expansion-1.1.11.tgz?cache=0&sync_timestamp=1614010709807&other_urls=https%3A%2F%2Fregistry.npm.taobao.org%2Fbrace-expansion%2Fdownload%2Fbrace-expansion-1.1.11.tgz#3c7fcbf529d87226f3d2f52b966ff5271eb441dd"
  integrity sha1-PH/L9SnYcibz0vUrlm/1Jx60Qd0=
  dependencies:
    balanced-match "^1.0.0"
    concat-map "0.0.1"

braces@~3.0.2:
  version "3.0.2"
  resolved "https://registry.npm.taobao.org/braces/download/braces-3.0.2.tgz#3454e1a462ee8d599e236df336cd9ea4f8afe107"
  integrity sha1-NFThpGLujVmeI23zNs2epPiv4Qc=
  dependencies:
    fill-range "^7.0.1"

buffer-indexof-polyfill@~1.0.0:
  version "1.0.2"
  resolved "https://registry.npm.taobao.org/buffer-indexof-polyfill/download/buffer-indexof-polyfill-1.0.2.tgz#d2732135c5999c64b277fcf9b1abe3498254729c"
  integrity sha1-0nMhNcWZnGSyd/z5savjSYJUcpw=

buffers@~0.1.1:
  version "0.1.1"
  resolved "https://registry.npm.taobao.org/buffers/download/buffers-0.1.1.tgz#b24579c3bed4d6d396aeee6d9a8ae7f5482ab7bb"
  integrity sha1-skV5w77U1tOWru5tmorn9Ugqt7s=

camel-case@^4.1.2:
  version "4.1.2"
  resolved "https://registry.npm.taobao.org/camel-case/download/camel-case-4.1.2.tgz?cache=0&sync_timestamp=1606867297052&other_urls=https%3A%2F%2Fregistry.npm.taobao.org%2Fcamel-case%2Fdownload%2Fcamel-case-4.1.2.tgz#9728072a954f805228225a6deea6b38461e1bd5a"
  integrity sha1-lygHKpVPgFIoIlpt7qazhGHhvVo=
  dependencies:
    pascal-case "^3.1.2"
    tslib "^2.0.3"

capital-case@^1.0.4:
  version "1.0.4"
  resolved "https://registry.npm.taobao.org/capital-case/download/capital-case-1.0.4.tgz?cache=0&sync_timestamp=1606867325844&other_urls=https%3A%2F%2Fregistry.npm.taobao.org%2Fcapital-case%2Fdownload%2Fcapital-case-1.0.4.tgz#9d130292353c9249f6b00fa5852bee38a717e669"
  integrity sha1-nRMCkjU8kkn2sA+lhSvuOKcX5mk=
  dependencies:
    no-case "^3.0.4"
    tslib "^2.0.3"
    upper-case-first "^2.0.2"

chainsaw@~0.1.0:
  version "0.1.0"
  resolved "https://registry.npm.taobao.org/chainsaw/download/chainsaw-0.1.0.tgz#5eab50b28afe58074d0d58291388828b5e5fbc98"
  integrity sha1-XqtQsor+WAdNDVgpE4iCi15fvJg=
  dependencies:
    traverse ">=0.3.0 <0.4"

change-case@^4.1.2:
  version "4.1.2"
  resolved "https://registry.npm.taobao.org/change-case/download/change-case-4.1.2.tgz?cache=0&sync_timestamp=1606867326259&other_urls=https%3A%2F%2Fregistry.npm.taobao.org%2Fchange-case%2Fdownload%2Fchange-case-4.1.2.tgz#fedfc5f136045e2398c0410ee441f95704641e12"
  integrity sha1-/t/F8TYEXiOYwEEO5EH5VwRkHhI=
  dependencies:
    camel-case "^4.1.2"
    capital-case "^1.0.4"
    constant-case "^3.0.4"
    dot-case "^3.0.4"
    header-case "^2.0.4"
    no-case "^3.0.4"
    param-case "^3.0.4"
    pascal-case "^3.1.2"
    path-case "^3.0.4"
    sentence-case "^3.0.4"
    snake-case "^3.0.4"
    tslib "^2.0.3"

"chokidar@>=2.0.0 <4.0.0":
  version "3.5.1"
  resolved "https://registry.npm.taobao.org/chokidar/download/chokidar-3.5.1.tgz?cache=0&sync_timestamp=1610719430924&other_urls=https%3A%2F%2Fregistry.npm.taobao.org%2Fchokidar%2Fdownload%2Fchokidar-3.5.1.tgz#ee9ce7bbebd2b79f49f304799d5468e31e14e68a"
  integrity sha1-7pznu+vSt59J8wR5nVRo4x4U5oo=
  dependencies:
    anymatch "~3.1.1"
    braces "~3.0.2"
    glob-parent "~5.1.0"
    is-binary-path "~2.1.0"
    is-glob "~4.0.1"
    normalize-path "~3.0.0"
    readdirp "~3.5.0"
  optionalDependencies:
    fsevents "~2.3.1"

colorette@^1.2.2:
  version "1.2.2"
  resolved "https://registry.npm.taobao.org/colorette/download/colorette-1.2.2.tgz?cache=0&sync_timestamp=1614259623635&other_urls=https%3A%2F%2Fregistry.npm.taobao.org%2Fcolorette%2Fdownload%2Fcolorette-1.2.2.tgz#cbcc79d5e99caea2dbf10eb3a26fd8b3e6acfa94"
  integrity sha1-y8x51emcrqLb8Q6zom/Ys+as+pQ=

concat-map@0.0.1:
  version "0.0.1"
  resolved "https://registry.npm.taobao.org/concat-map/download/concat-map-0.0.1.tgz#d8a96bd77fd68df7793a73036a3ba0d5405d477b"
  integrity sha1-2Klr13/Wjfd5OnMDajug1UBdR3s=

consolidate@^0.16.0:
  version "0.16.0"
  resolved "https://registry.npm.taobao.org/consolidate/download/consolidate-0.16.0.tgz#a11864768930f2f19431660a65906668f5fbdc16"
  integrity sha1-oRhkdokw8vGUMWYKZZBmaPX73BY=
  dependencies:
    bluebird "^3.7.2"

constant-case@^3.0.4:
  version "3.0.4"
  resolved "https://registry.npm.taobao.org/constant-case/download/constant-case-3.0.4.tgz?cache=0&sync_timestamp=1606867325763&other_urls=https%3A%2F%2Fregistry.npm.taobao.org%2Fconstant-case%2Fdownload%2Fconstant-case-3.0.4.tgz#3b84a9aeaf4cf31ec45e6bf5de91bdfb0589faf1"
  integrity sha1-O4Sprq9M8x7EXmv13pG9+wWJ+vE=
  dependencies:
    no-case "^3.0.4"
    tslib "^2.0.3"
    upper-case "^2.0.2"

core-util-is@~1.0.0:
  version "1.0.2"
  resolved "https://registry.npm.taobao.org/core-util-is/download/core-util-is-1.0.2.tgz#b5fd54220aa2bc5ab57aab7140c940754503c1a7"
  integrity sha1-tf1UIgqivFq1eqtxQMlAdUUDwac=

cssesc@^3.0.0:
  version "3.0.0"
  resolved "https://registry.npm.taobao.org/cssesc/download/cssesc-3.0.0.tgz#37741919903b868565e1c09ea747445cd18983ee"
  integrity sha1-N3QZGZA7hoVl4cCep0dEXNGJg+4=

csstype@^2.6.8:
  version "2.6.16"
  resolved "https://registry.npm.taobao.org/csstype/download/csstype-2.6.16.tgz?cache=0&sync_timestamp=1614159885468&other_urls=https%3A%2F%2Fregistry.npm.taobao.org%2Fcsstype%2Fdownload%2Fcsstype-2.6.16.tgz#544d69f547013b85a40d15bff75db38f34fe9c39"
  integrity sha1-VE1p9UcBO4WkDRW/912zjzT+nDk=

dayjs@1.x:
  version "1.10.4"
  resolved "https://registry.npm.taobao.org/dayjs/download/dayjs-1.10.4.tgz?cache=0&sync_timestamp=1611310021152&other_urls=https%3A%2F%2Fregistry.npm.taobao.org%2Fdayjs%2Fdownload%2Fdayjs-1.10.4.tgz#8e544a9b8683f61783f570980a8a80eaf54ab1e2"
  integrity sha1-jlRKm4aD9heD9XCYCoqA6vVKseI=

debug@^4.3.2:
  version "4.3.2"
  resolved "https://registry.npm.taobao.org/debug/download/debug-4.3.2.tgz?cache=0&sync_timestamp=1607566533140&other_urls=https%3A%2F%2Fregistry.npm.taobao.org%2Fdebug%2Fdownload%2Fdebug-4.3.2.tgz#f0a49c18ac8779e31d4a0c6029dfb76873c7428b"
  integrity sha1-8KScGKyHeeMdSgxgKd+3aHPHQos=
  dependencies:
    ms "2.1.2"

dot-case@^3.0.4:
  version "3.0.4"
  resolved "https://registry.npm.taobao.org/dot-case/download/dot-case-3.0.4.tgz?cache=0&sync_timestamp=1606867327042&other_urls=https%3A%2F%2Fregistry.npm.taobao.org%2Fdot-case%2Fdownload%2Fdot-case-3.0.4.tgz#9b2b670d00a431667a8a75ba29cd1b98809ce751"
  integrity sha1-mytnDQCkMWZ6inW6Kc0bmICc51E=
  dependencies:
    no-case "^3.0.4"
    tslib "^2.0.3"

duplexer2@~0.1.4:
  version "0.1.4"
  resolved "https://registry.npm.taobao.org/duplexer2/download/duplexer2-0.1.4.tgz#8b12dab878c0d69e3e7891051662a32fc6bddcc1"
  integrity sha1-ixLauHjA1p4+eJEFFmKjL8a93ME=
  dependencies:
    readable-stream "^2.0.2"

element-plus@^1.0.2-beta.36:
  version "1.0.2-beta.36"
  resolved "https://registry.npm.taobao.org/element-plus/download/element-plus-1.0.2-beta.36.tgz?cache=0&sync_timestamp=1616910040243&other_urls=https%3A%2F%2Fregistry.npm.taobao.org%2Felement-plus%2Fdownload%2Felement-plus-1.0.2-beta.36.tgz#78a7e1be10b9622c4fc342fdce0801650f30bb01"
  integrity sha1-eKfhvhC5YixPw0L9zggBZQ8wuwE=
  dependencies:
    "@popperjs/core" "^2.4.4"
    async-validator "^3.4.0"
    dayjs "1.x"
    lodash "^4.17.20"
    mitt "^2.1.0"
    normalize-wheel "^1.0.1"
    resize-observer-polyfill "^1.5.1"

emojis-list@^3.0.0:
  version "3.0.0"
  resolved "https://registry.npm.taobao.org/emojis-list/download/emojis-list-3.0.0.tgz#5570662046ad29e2e916e71aae260abdff4f6a78"
  integrity sha1-VXBmIEatKeLpFucariYKvf9Pang=

es-module-lexer@^0.4.1:
  version "0.4.1"
  resolved "https://registry.npm.taobao.org/es-module-lexer/download/es-module-lexer-0.4.1.tgz#dda8c6a14d8f340a24e34331e0fab0cb50438e0e"
  integrity sha1-3ajGoU2PNAok40Mx4Pqwy1BDjg4=

esbuild@^0.9.3:
  version "0.9.7"
  resolved "https://registry.npm.taobao.org/esbuild/download/esbuild-0.9.7.tgz#ea0d639cbe4b88ec25fbed4d6ff00c8d788ef70b"
  integrity sha1-6g1jnL5LiOwl++1Nb/AMjXiO9ws=

estree-walker@^2.0.1:
  version "2.0.2"
  resolved "https://registry.npm.taobao.org/estree-walker/download/estree-walker-2.0.2.tgz?cache=0&sync_timestamp=1611956983677&other_urls=https%3A%2F%2Fregistry.npm.taobao.org%2Festree-walker%2Fdownload%2Festree-walker-2.0.2.tgz#52f010178c2a4c117a7757cfe942adb7d2da4cac"
  integrity sha1-UvAQF4wqTBF6d1fP6UKtt9LaTKw=

fill-range@^7.0.1:
  version "7.0.1"
  resolved "https://registry.npm.taobao.org/fill-range/download/fill-range-7.0.1.tgz#1919a6a7c75fe38b2c7c77e5198535da9acdda40"
  integrity sha1-GRmmp8df44ssfHflGYU12prN2kA=
  dependencies:
    to-regex-range "^5.0.1"

fs.realpath@^1.0.0:
  version "1.0.0"
  resolved "https://registry.npm.taobao.org/fs.realpath/download/fs.realpath-1.0.0.tgz#1504ad2523158caa40db4a2787cb01411994ea4f"
  integrity sha1-FQStJSMVjKpA20onh8sBQRmU6k8=

fsevents@~2.3.1:
  version "2.3.2"
  resolved "https://registry.npm.taobao.org/fsevents/download/fsevents-2.3.2.tgz#8a526f78b8fdf4623b709e0b975c52c24c02fd1a"
  integrity sha1-ilJveLj99GI7cJ4Ll1xSwkwC/Ro=

fstream@^1.0.12:
  version "1.0.12"
  resolved "https://registry.npm.taobao.org/fstream/download/fstream-1.0.12.tgz#4e8ba8ee2d48be4f7d0de505455548eae5932045"
  integrity sha1-Touo7i1Ivk99DeUFRVVI6uWTIEU=
  dependencies:
    graceful-fs "^4.1.2"
    inherits "~2.0.0"
    mkdirp ">=0.5 0"
    rimraf "2"

function-bind@^1.1.1:
  version "1.1.1"
  resolved "https://registry.npm.taobao.org/function-bind/download/function-bind-1.1.1.tgz#a56899d3ea3c9bab874bb9773b7c5ede92f4895d"
  integrity sha1-pWiZ0+o8m6uHS7l3O3xe3pL0iV0=

generic-names@^2.0.1:
  version "2.0.1"
  resolved "https://registry.npm.taobao.org/generic-names/download/generic-names-2.0.1.tgz?cache=0&sync_timestamp=1603542269880&other_urls=https%3A%2F%2Fregistry.npm.taobao.org%2Fgeneric-names%2Fdownload%2Fgeneric-names-2.0.1.tgz#f8a378ead2ccaa7a34f0317b05554832ae41b872"
  integrity sha1-+KN46tLMqno08DF7BVVIMq5BuHI=
  dependencies:
    loader-utils "^1.1.0"

glob-parent@~5.1.0:
  version "5.1.2"
  resolved "https://registry.npm.taobao.org/glob-parent/download/glob-parent-5.1.2.tgz?cache=0&sync_timestamp=1615065997979&other_urls=https%3A%2F%2Fregistry.npm.taobao.org%2Fglob-parent%2Fdownload%2Fglob-parent-5.1.2.tgz#869832c58034fe68a4093c17dc15e8340d8401c4"
  integrity sha1-hpgyxYA0/mikCTwX3BXoNA2EAcQ=
  dependencies:
    is-glob "^4.0.1"

glob@^7.1.3:
  version "7.1.6"
  resolved "https://registry.npm.taobao.org/glob/download/glob-7.1.6.tgz?cache=0&sync_timestamp=1599054256752&other_urls=https%3A%2F%2Fregistry.npm.taobao.org%2Fglob%2Fdownload%2Fglob-7.1.6.tgz#141f33b81a7c2492e125594307480c46679278a6"
  integrity sha1-FB8zuBp8JJLhJVlDB0gMRmeSeKY=
  dependencies:
    fs.realpath "^1.0.0"
    inflight "^1.0.4"
    inherits "2"
    minimatch "^3.0.4"
    once "^1.3.0"
    path-is-absolute "^1.0.0"

graceful-fs@^4.1.2, graceful-fs@^4.2.2:
  version "4.2.6"
  resolved "https://registry.npm.taobao.org/graceful-fs/download/graceful-fs-4.2.6.tgz#ff040b2b0853b23c3d31027523706f1885d76bee"
  integrity sha1-/wQLKwhTsjw9MQJ1I3BvGIXXa+4=

has@^1.0.3:
  version "1.0.3"
  resolved "https://registry.npm.taobao.org/has/download/has-1.0.3.tgz#722d7cbfc1f6aa8241f16dd814e011e1f41e8796"
  integrity sha1-ci18v8H2qoJB8W3YFOAR4fQeh5Y=
  dependencies:
    function-bind "^1.1.1"

hash-sum@^2.0.0:
  version "2.0.0"
  resolved "https://registry.npm.taobao.org/hash-sum/download/hash-sum-2.0.0.tgz#81d01bb5de8ea4a214ad5d6ead1b523460b0b45a"
  integrity sha1-gdAbtd6OpKIUrV1urRtSNGCwtFo=

header-case@^2.0.4:
  version "2.0.4"
  resolved "https://registry.npm.taobao.org/header-case/download/header-case-2.0.4.tgz#5a42e63b55177349cf405beb8d775acabb92c063"
  integrity sha1-WkLmO1UXc0nPQFvrjXdayruSwGM=
  dependencies:
    capital-case "^1.0.4"
    tslib "^2.0.3"

icss-replace-symbols@^1.1.0:
  version "1.1.0"
  resolved "https://registry.npm.taobao.org/icss-replace-symbols/download/icss-replace-symbols-1.1.0.tgz#06ea6f83679a7749e386cfe1fe812ae5db223ded"
  integrity sha1-Bupvg2ead0njhs/h/oEq5dsiPe0=

icss-utils@^5.0.0:
  version "5.1.0"
  resolved "https://registry.npm.taobao.org/icss-utils/download/icss-utils-5.1.0.tgz?cache=0&sync_timestamp=1605801291394&other_urls=https%3A%2F%2Fregistry.npm.taobao.org%2Ficss-utils%2Fdownload%2Ficss-utils-5.1.0.tgz#c6be6858abd013d768e98366ae47e25d5887b1ae"
  integrity sha1-xr5oWKvQE9do6YNmrkfiXViHsa4=

indexes-of@^1.0.1:
  version "1.0.1"
  resolved "https://registry.npm.taobao.org/indexes-of/download/indexes-of-1.0.1.tgz#f30f716c8e2bd346c7b67d3df3915566a7c05607"
  integrity sha1-8w9xbI4r00bHtn0985FVZqfAVgc=

inflight@^1.0.4:
  version "1.0.6"
  resolved "https://registry.npm.taobao.org/inflight/download/inflight-1.0.6.tgz#49bd6331d7d02d0c09bc910a1075ba8165b56df9"
  integrity sha1-Sb1jMdfQLQwJvJEKEHW6gWW1bfk=
  dependencies:
    once "^1.3.0"
    wrappy "1"

inherits@2, inherits@~2.0.0, inherits@~2.0.3:
  version "2.0.4"
  resolved "https://registry.npm.taobao.org/inherits/download/inherits-2.0.4.tgz#0fa2c64f932917c3433a0ded55363aae37416b7c"
  integrity sha1-D6LGT5MpF8NDOg3tVTY6rjdBa3w=

is-binary-path@~2.1.0:
  version "2.1.0"
  resolved "https://registry.npm.taobao.org/is-binary-path/download/is-binary-path-2.1.0.tgz#ea1f7f3b80f064236e83470f86c09c254fb45b09"
  integrity sha1-6h9/O4DwZCNug0cPhsCcJU+0Wwk=
  dependencies:
    binary-extensions "^2.0.0"

is-core-module@^2.2.0:
  version "2.2.0"
  resolved "https://registry.npm.taobao.org/is-core-module/download/is-core-module-2.2.0.tgz?cache=0&sync_timestamp=1606411622542&other_urls=https%3A%2F%2Fregistry.npm.taobao.org%2Fis-core-module%2Fdownload%2Fis-core-module-2.2.0.tgz#97037ef3d52224d85163f5597b2b63d9afed981a"
  integrity sha1-lwN+89UiJNhRY/VZeytj2a/tmBo=
  dependencies:
    has "^1.0.3"

is-extglob@^2.1.1:
  version "2.1.1"
  resolved "https://registry.npm.taobao.org/is-extglob/download/is-extglob-2.1.1.tgz#a88c02535791f02ed37c76a1b9ea9773c833f8c2"
  integrity sha1-qIwCU1eR8C7TfHahueqXc8gz+MI=

is-glob@^4.0.1, is-glob@~4.0.1:
  version "4.0.1"
  resolved "https://registry.npm.taobao.org/is-glob/download/is-glob-4.0.1.tgz#7567dbe9f2f5e2467bc77ab83c4a29482407a5dc"
  integrity sha1-dWfb6fL14kZ7x3q4PEopSCQHpdw=
  dependencies:
    is-extglob "^2.1.1"

is-number@^7.0.0:
  version "7.0.0"
  resolved "https://registry.npm.taobao.org/is-number/download/is-number-7.0.0.tgz#7535345b896734d5f80c4d06c50955527a14f12b"
  integrity sha1-dTU0W4lnNNX4DE0GxQlVUnoU8Ss=

isarray@~1.0.0:
  version "1.0.0"
  resolved "https://registry.npm.taobao.org/isarray/download/isarray-1.0.0.tgz#bb935d48582cba168c06834957a54a3e07124f11"
  integrity sha1-u5NdSFgsuhaMBoNJV6VKPgcSTxE=

json5@^1.0.1:
  version "1.0.1"
  resolved "https://registry.npm.taobao.org/json5/download/json5-1.0.1.tgz#779fb0018604fa854eacbf6252180d83543e3dbe"
  integrity sha1-d5+wAYYE+oVOrL9iUhgNg1Q+Pb4=
  dependencies:
    minimist "^1.2.0"

listenercount@~1.0.1:
  version "1.0.1"
  resolved "https://registry.npm.taobao.org/listenercount/download/listenercount-1.0.1.tgz#84c8a72ab59c4725321480c975e6508342e70937"
  integrity sha1-hMinKrWcRyUyFIDJdeZQg0LnCTc=

loader-utils@^1.1.0:
  version "1.4.0"
  resolved "https://registry.npm.taobao.org/loader-utils/download/loader-utils-1.4.0.tgz#c579b5e34cb34b1a74edc6c1fb36bfa371d5a613"
  integrity sha1-xXm140yzSxp07cbB+za/o3HVphM=
  dependencies:
    big.js "^5.2.2"
    emojis-list "^3.0.0"
    json5 "^1.0.1"

lodash.camelcase@^4.3.0:
  version "4.3.0"
  resolved "https://registry.npm.taobao.org/lodash.camelcase/download/lodash.camelcase-4.3.0.tgz#b28aa6288a2b9fc651035c7711f65ab6190331a6"
  integrity sha1-soqmKIorn8ZRA1x3EfZathkDMaY=

lodash@^4.17.19, lodash@^4.17.20:
  version "4.17.21"
  resolved "https://registry.npm.taobao.org/lodash/download/lodash-4.17.21.tgz?cache=0&sync_timestamp=1613835838133&other_urls=https%3A%2F%2Fregistry.npm.taobao.org%2Flodash%2Fdownload%2Flodash-4.17.21.tgz#679591c564c3bffaae8454cf0b3df370c3d6911c"
  integrity sha1-Z5WRxWTDv/quhFTPCz3zcMPWkRw=

lower-case@^2.0.2:
  version "2.0.2"
  resolved "https://registry.npm.taobao.org/lower-case/download/lower-case-2.0.2.tgz?cache=0&sync_timestamp=1606867333511&other_urls=https%3A%2F%2Fregistry.npm.taobao.org%2Flower-case%2Fdownload%2Flower-case-2.0.2.tgz#6fa237c63dbdc4a82ca0fd882e4722dc5e634e28"
  integrity sha1-b6I3xj29xKgsoP2ILkci3F5jTig=
  dependencies:
    tslib "^2.0.3"

lru-cache@^5.1.1:
  version "5.1.1"
  resolved "https://registry.npm.taobao.org/lru-cache/download/lru-cache-5.1.1.tgz#1da27e6710271947695daf6848e847f01d84b920"
  integrity sha1-HaJ+ZxAnGUdpXa9oSOhH8B2EuSA=
  dependencies:
    yallist "^3.0.2"

magic-string@^0.25.7:
  version "0.25.7"
  resolved "https://registry.npm.taobao.org/magic-string/download/magic-string-0.25.7.tgz#3f497d6fd34c669c6798dcb821f2ef31f5445051"
  integrity sha1-P0l9b9NMZpxnmNy4IfLvMfVEUFE=
  dependencies:
    sourcemap-codec "^1.4.4"

merge-source-map@^1.1.0:
  version "1.1.0"
  resolved "https://registry.npm.taobao.org/merge-source-map/download/merge-source-map-1.1.0.tgz#2fdde7e6020939f70906a68f2d7ae685e4c8c646"
  integrity sha1-L93n5gIJOfcJBqaPLXrmheTIxkY=
  dependencies:
    source-map "^0.6.1"

minimatch@^3.0.4:
  version "3.0.4"
  resolved "https://registry.npm.taobao.org/minimatch/download/minimatch-3.0.4.tgz#5166e286457f03306064be5497e8dbb0c3d32083"
  integrity sha1-UWbihkV/AzBgZL5Ul+jbsMPTIIM=
  dependencies:
    brace-expansion "^1.1.7"

minimist@^1.2.0, minimist@^1.2.5:
  version "1.2.5"
  resolved "https://registry.npm.taobao.org/minimist/download/minimist-1.2.5.tgz#67d66014b66a6a8aaa0c083c5fd58df4e4e97602"
  integrity sha1-Z9ZgFLZqaoqqDAg8X9WN9OTpdgI=

mitt@^2.1.0:
  version "2.1.0"
  resolved "https://registry.npm.taobao.org/mitt/download/mitt-2.1.0.tgz#f740577c23176c6205b121b2973514eade1b2230"
  integrity sha1-90BXfCMXbGIFsSGylzUU6t4bIjA=

"mkdirp@>=0.5 0":
  version "0.5.5"
  resolved "https://registry.npm.taobao.org/mkdirp/download/mkdirp-0.5.5.tgz#d91cefd62d1436ca0f41620e251288d420099def"
  integrity sha1-2Rzv1i0UNsoPQWIOJRKI1CAJne8=
  dependencies:
    minimist "^1.2.5"

ms@2.1.2:
  version "2.1.2"
  resolved "https://registry.npm.taobao.org/ms/download/ms-2.1.2.tgz?cache=0&sync_timestamp=1607433842694&other_urls=https%3A%2F%2Fregistry.npm.taobao.org%2Fms%2Fdownload%2Fms-2.1.2.tgz#d09d1f357b443f493382a8eb3ccd183872ae6009"
  integrity sha1-0J0fNXtEP0kzgqjrPM0YOHKuYAk=

nanoid@^3.1.20:
  version "3.1.22"
  resolved "https://registry.npm.taobao.org/nanoid/download/nanoid-3.1.22.tgz#b35f8fb7d151990a8aebd5aa5015c03cf726f844"
  integrity sha1-s1+Pt9FRmQqK69WqUBXAPPcm+EQ=

no-case@^3.0.4:
  version "3.0.4"
  resolved "https://registry.npm.taobao.org/no-case/download/no-case-3.0.4.tgz#d361fd5c9800f558551a8369fc0dcd4662b6124d"
  integrity sha1-02H9XJgA9VhVGoNp/A3NRmK2Ek0=
  dependencies:
    lower-case "^2.0.2"
    tslib "^2.0.3"

normalize-path@^3.0.0, normalize-path@~3.0.0:
  version "3.0.0"
  resolved "https://registry.npm.taobao.org/normalize-path/download/normalize-path-3.0.0.tgz#0dcd69ff23a1c9b11fd0978316644a0388216a65"
  integrity sha1-Dc1p/yOhybEf0JeDFmRKA4ghamU=

normalize-wheel@^1.0.1:
  version "1.0.1"
  resolved "https://registry.npm.taobao.org/normalize-wheel/download/normalize-wheel-1.0.1.tgz#aec886affdb045070d856447df62ecf86146ec45"
  integrity sha1-rsiGr/2wRQcNhWRH32Ls+GFG7EU=

once@^1.3.0:
  version "1.4.0"
  resolved "https://registry.npm.taobao.org/once/download/once-1.4.0.tgz#583b1aa775961d4b113ac17d9c50baef9dd76bd1"
  integrity sha1-WDsap3WWHUsROsF9nFC6753Xa9E=
  dependencies:
    wrappy "1"

param-case@^3.0.4:
  version "3.0.4"
  resolved "https://registry.npm.taobao.org/param-case/download/param-case-3.0.4.tgz?cache=0&sync_timestamp=1606867292797&other_urls=https%3A%2F%2Fregistry.npm.taobao.org%2Fparam-case%2Fdownload%2Fparam-case-3.0.4.tgz#7d17fe4aa12bde34d4a77d91acfb6219caad01c5"
  integrity sha1-fRf+SqEr3jTUp32RrPtiGcqtAcU=
  dependencies:
    dot-case "^3.0.4"
    tslib "^2.0.3"

pascal-case@^3.1.2:
  version "3.1.2"
  resolved "https://registry.npm.taobao.org/pascal-case/download/pascal-case-3.1.2.tgz?cache=0&sync_timestamp=1606867325163&other_urls=https%3A%2F%2Fregistry.npm.taobao.org%2Fpascal-case%2Fdownload%2Fpascal-case-3.1.2.tgz#b48e0ef2b98e205e7c1dae747d0b1508237660eb"
  integrity sha1-tI4O8rmOIF58Ha50fQsVCCN2YOs=
  dependencies:
    no-case "^3.0.4"
    tslib "^2.0.3"

path-case@^3.0.4:
  version "3.0.4"
  resolved "https://registry.npm.taobao.org/path-case/download/path-case-3.0.4.tgz?cache=0&sync_timestamp=1606867325967&other_urls=https%3A%2F%2Fregistry.npm.taobao.org%2Fpath-case%2Fdownload%2Fpath-case-3.0.4.tgz#9168645334eb942658375c56f80b4c0cb5f82c6f"
  integrity sha1-kWhkUzTrlCZYN1xW+AtMDLX4LG8=
  dependencies:
    dot-case "^3.0.4"
    tslib "^2.0.3"

path-is-absolute@^1.0.0:
  version "1.0.1"
  resolved "https://registry.npm.taobao.org/path-is-absolute/download/path-is-absolute-1.0.1.tgz#174b9268735534ffbc7ace6bf53a5a9e1b5c5f5f"
  integrity sha1-F0uSaHNVNP+8es5r9TpanhtcX18=

path-parse@^1.0.6:
  version "1.0.6"
  resolved "https://registry.npm.taobao.org/path-parse/download/path-parse-1.0.6.tgz#d62dbb5679405d72c4737ec58600e9ddcf06d24c"
  integrity sha1-1i27VnlAXXLEc37FhgDp3c8G0kw=

picomatch@^2.0.4, picomatch@^2.2.1, picomatch@^2.2.2:
  version "2.2.2"
  resolved "https://registry.npm.taobao.org/picomatch/download/picomatch-2.2.2.tgz#21f333e9b6b8eaff02468f5146ea406d345f4dad"
  integrity sha1-IfMz6ba46v8CRo9RRupAbTRfTa0=

postcss-modules-extract-imports@^3.0.0:
  version "3.0.0"
  resolved "https://registry.npm.taobao.org/postcss-modules-extract-imports/download/postcss-modules-extract-imports-3.0.0.tgz?cache=0&sync_timestamp=1602588245463&other_urls=https%3A%2F%2Fregistry.npm.taobao.org%2Fpostcss-modules-extract-imports%2Fdownload%2Fpostcss-modules-extract-imports-3.0.0.tgz#cda1f047c0ae80c97dbe28c3e76a43b88025741d"
  integrity sha1-zaHwR8CugMl9vijD52pDuIAldB0=

postcss-modules-local-by-default@^4.0.0:
  version "4.0.0"
  resolved "https://registry.npm.taobao.org/postcss-modules-local-by-default/download/postcss-modules-local-by-default-4.0.0.tgz?cache=0&sync_timestamp=1602587568476&other_urls=https%3A%2F%2Fregistry.npm.taobao.org%2Fpostcss-modules-local-by-default%2Fdownload%2Fpostcss-modules-local-by-default-4.0.0.tgz#ebbb54fae1598eecfdf691a02b3ff3b390a5a51c"
  integrity sha1-67tU+uFZjuz99pGgKz/zs5ClpRw=
  dependencies:
    icss-utils "^5.0.0"
    postcss-selector-parser "^6.0.2"
    postcss-value-parser "^4.1.0"

postcss-modules-scope@^3.0.0:
  version "3.0.0"
  resolved "https://registry.npm.taobao.org/postcss-modules-scope/download/postcss-modules-scope-3.0.0.tgz?cache=0&sync_timestamp=1602593260387&other_urls=https%3A%2F%2Fregistry.npm.taobao.org%2Fpostcss-modules-scope%2Fdownload%2Fpostcss-modules-scope-3.0.0.tgz#9ef3151456d3bbfa120ca44898dfca6f2fa01f06"
  integrity sha1-nvMVFFbTu/oSDKRImN/Kby+gHwY=
  dependencies:
    postcss-selector-parser "^6.0.4"

postcss-modules-values@^4.0.0:
  version "4.0.0"
  resolved "https://registry.npm.taobao.org/postcss-modules-values/download/postcss-modules-values-4.0.0.tgz?cache=0&sync_timestamp=1602586230505&other_urls=https%3A%2F%2Fregistry.npm.taobao.org%2Fpostcss-modules-values%2Fdownload%2Fpostcss-modules-values-4.0.0.tgz#d7c5e7e68c3bb3c9b27cbf48ca0bb3ffb4602c9c"
  integrity sha1-18Xn5ow7s8myfL9Iyguz/7RgLJw=
  dependencies:
    icss-utils "^5.0.0"

postcss-modules@^4.0.0:
  version "4.0.0"
  resolved "https://registry.npm.taobao.org/postcss-modules/download/postcss-modules-4.0.0.tgz#2bc7f276ab88f3f1b0fadf6cbd7772d43b5f3b9b"
  integrity sha1-K8fydquI8/Gw+t9svXdy1DtfO5s=
  dependencies:
    generic-names "^2.0.1"
    icss-replace-symbols "^1.1.0"
    lodash.camelcase "^4.3.0"
    postcss-modules-extract-imports "^3.0.0"
    postcss-modules-local-by-default "^4.0.0"
    postcss-modules-scope "^3.0.0"
    postcss-modules-values "^4.0.0"
    string-hash "^1.1.1"

postcss-selector-parser@^6.0.2, postcss-selector-parser@^6.0.4:
  version "6.0.4"
  resolved "https://registry.npm.taobao.org/postcss-selector-parser/download/postcss-selector-parser-6.0.4.tgz?cache=0&sync_timestamp=1601045316432&other_urls=https%3A%2F%2Fregistry.npm.taobao.org%2Fpostcss-selector-parser%2Fdownload%2Fpostcss-selector-parser-6.0.4.tgz#56075a1380a04604c38b063ea7767a129af5c2b3"
  integrity sha1-VgdaE4CgRgTDiwY+p3Z6Epr1wrM=
  dependencies:
    cssesc "^3.0.0"
    indexes-of "^1.0.1"
    uniq "^1.0.1"
    util-deprecate "^1.0.2"

postcss-value-parser@^4.1.0:
  version "4.1.0"
  resolved "https://registry.npm.taobao.org/postcss-value-parser/download/postcss-value-parser-4.1.0.tgz?cache=0&sync_timestamp=1599054273488&other_urls=https%3A%2F%2Fregistry.npm.taobao.org%2Fpostcss-value-parser%2Fdownload%2Fpostcss-value-parser-4.1.0.tgz#443f6a20ced6481a2bda4fa8532a6e55d789a2cb"
  integrity sha1-RD9qIM7WSBor2k+oUypuVdeJoss=

postcss@^8.1.10, postcss@^8.2.1:
  version "8.2.8"
  resolved "https://registry.npm.taobao.org/postcss/download/postcss-8.2.8.tgz?cache=0&sync_timestamp=1615327624647&other_urls=https%3A%2F%2Fregistry.npm.taobao.org%2Fpostcss%2Fdownload%2Fpostcss-8.2.8.tgz#0b90f9382efda424c4f0f69a2ead6f6830d08ece"
  integrity sha1-C5D5OC79pCTE8PaaLq1vaDDQjs4=
  dependencies:
    colorette "^1.2.2"
    nanoid "^3.1.20"
    source-map "^0.6.1"

process-nextick-args@~2.0.0:
  version "2.0.1"
  resolved "https://registry.npm.taobao.org/process-nextick-args/download/process-nextick-args-2.0.1.tgz#7820d9b16120cc55ca9ae7792680ae7dba6d7fe2"
  integrity sha1-eCDZsWEgzFXKmud5JoCufbptf+I=

readable-stream@^2.0.2, readable-stream@~2.3.6:
  version "2.3.7"
  resolved "https://registry.npm.taobao.org/readable-stream/download/readable-stream-2.3.7.tgz#1eca1cf711aef814c04f62252a36a62f6cb23b57"
  integrity sha1-Hsoc9xGu+BTAT2IlKjamL2yyO1c=
  dependencies:
    core-util-is "~1.0.0"
    inherits "~2.0.3"
    isarray "~1.0.0"
    process-nextick-args "~2.0.0"
    safe-buffer "~5.1.1"
    string_decoder "~1.1.1"
    util-deprecate "~1.0.1"

readdirp@~3.5.0:
  version "3.5.0"
  resolved "https://registry.npm.taobao.org/readdirp/download/readdirp-3.5.0.tgz?cache=0&sync_timestamp=1615717369278&other_urls=https%3A%2F%2Fregistry.npm.taobao.org%2Freaddirp%2Fdownload%2Freaddirp-3.5.0.tgz#9ba74c019b15d365278d2e91bb8c48d7b4d42c9e"
  integrity sha1-m6dMAZsV02UnjS6Ru4xI17TULJ4=
  dependencies:
    picomatch "^2.2.1"

resize-observer-polyfill@^1.5.1:
  version "1.5.1"
  resolved "https://registry.npm.taobao.org/resize-observer-polyfill/download/resize-observer-polyfill-1.5.1.tgz#0e9020dd3d21024458d4ebd27e23e40269810464"
  integrity sha1-DpAg3T0hAkRY1OvSfiPkAmmBBGQ=

resolve@^1.19.0:
  version "1.20.0"
  resolved "https://registry.npm.taobao.org/resolve/download/resolve-1.20.0.tgz?cache=0&sync_timestamp=1613054822645&other_urls=https%3A%2F%2Fregistry.npm.taobao.org%2Fresolve%2Fdownload%2Fresolve-1.20.0.tgz#629a013fb3f70755d6f0b7935cc1c2c5378b1975"
  integrity sha1-YpoBP7P3B1XW8LeTXMHCxTeLGXU=
  dependencies:
    is-core-module "^2.2.0"
    path-parse "^1.0.6"

rimraf@2:
  version "2.7.1"
  resolved "https://registry.npm.taobao.org/rimraf/download/rimraf-2.7.1.tgz?cache=0&sync_timestamp=1614946161596&other_urls=https%3A%2F%2Fregistry.npm.taobao.org%2Frimraf%2Fdownload%2Frimraf-2.7.1.tgz#35797f13a7fdadc566142c29d4f07ccad483e3ec"
  integrity sha1-NXl/E6f9rcVmFCwp1PB8ytSD4+w=
  dependencies:
    glob "^7.1.3"

rollup@^2.38.5:
  version "2.44.0"
  resolved "https://registry.npm.taobao.org/rollup/download/rollup-2.44.0.tgz?cache=0&sync_timestamp=1617027274896&other_urls=https%3A%2F%2Fregistry.npm.taobao.org%2Frollup%2Fdownload%2Frollup-2.44.0.tgz#8da324d1c4fd12beef9ae6e12f4068265b6d95eb"
  integrity sha1-jaMk0cT9Er7vmubhL0BoJlttles=
  optionalDependencies:
    fsevents "~2.3.1"

safe-buffer@~5.1.0, safe-buffer@~5.1.1:
  version "5.1.2"
  resolved "https://registry.npm.taobao.org/safe-buffer/download/safe-buffer-5.1.2.tgz?cache=0&sync_timestamp=1599054209520&other_urls=https%3A%2F%2Fregistry.npm.taobao.org%2Fsafe-buffer%2Fdownload%2Fsafe-buffer-5.1.2.tgz#991ec69d296e0313747d59bdfd2b745c35f8828d"
  integrity sha1-mR7GnSluAxN0fVm9/St0XDX4go0=

sass@^1.32.8:
  version "1.32.8"
  resolved "https://registry.npm.taobao.org/sass/download/sass-1.32.8.tgz?cache=0&sync_timestamp=1613686491856&other_urls=https%3A%2F%2Fregistry.npm.taobao.org%2Fsass%2Fdownload%2Fsass-1.32.8.tgz#f16a9abd8dc530add8834e506878a2808c037bdc"
  integrity sha1-8WqavY3FMK3Yg05QaHiigIwDe9w=
  dependencies:
    chokidar ">=2.0.0 <4.0.0"

sentence-case@^3.0.4:
  version "3.0.4"
  resolved "https://registry.npm.taobao.org/sentence-case/download/sentence-case-3.0.4.tgz?cache=0&sync_timestamp=1606867325535&other_urls=https%3A%2F%2Fregistry.npm.taobao.org%2Fsentence-case%2Fdownload%2Fsentence-case-3.0.4.tgz#3645a7b8c117c787fde8702056225bb62a45131f"
  integrity sha1-NkWnuMEXx4f96HAgViJbtipFEx8=
  dependencies:
    no-case "^3.0.4"
    tslib "^2.0.3"
    upper-case-first "^2.0.2"

setimmediate@~1.0.4:
  version "1.0.5"
  resolved "https://registry.npm.taobao.org/setimmediate/download/setimmediate-1.0.5.tgz#290cbb232e306942d7d7ea9b83732ab7856f8285"
  integrity sha1-KQy7Iy4waULX1+qbg3Mqt4VvgoU=

snake-case@^3.0.4:
  version "3.0.4"
  resolved "https://registry.npm.taobao.org/snake-case/download/snake-case-3.0.4.tgz?cache=0&sync_timestamp=1606867326057&other_urls=https%3A%2F%2Fregistry.npm.taobao.org%2Fsnake-case%2Fdownload%2Fsnake-case-3.0.4.tgz#4f2bbd568e9935abdfd593f34c691dadb49c452c"
  integrity sha1-Tyu9Vo6ZNavf1ZPzTGkdrbScRSw=
  dependencies:
    dot-case "^3.0.4"
    tslib "^2.0.3"

sortablejs@1.10.2:
  version "1.10.2"
  resolved "https://registry.npm.taobao.org/sortablejs/download/sortablejs-1.10.2.tgz?cache=0&sync_timestamp=1610070448468&other_urls=https%3A%2F%2Fregistry.npm.taobao.org%2Fsortablejs%2Fdownload%2Fsortablejs-1.10.2.tgz#6e40364d913f98b85a14f6678f92b5c1221f5290"
  integrity sha1-bkA2TZE/mLhaFPZnj5K1wSIfUpA=

source-map@^0.6.1:
  version "0.6.1"
  resolved "https://registry.npm.taobao.org/source-map/download/source-map-0.6.1.tgz#74722af32e9614e9c287a8d0bbde48b5e2f1a263"
  integrity sha1-dHIq8y6WFOnCh6jQu95IteLxomM=

sourcemap-codec@^1.4.4:
  version "1.4.8"
  resolved "https://registry.npm.taobao.org/sourcemap-codec/download/sourcemap-codec-1.4.8.tgz#ea804bd94857402e6992d05a38ef1ae35a9ab4c4"
  integrity sha1-6oBL2UhXQC5pktBaOO8a41qatMQ=

string-hash@^1.1.1:
  version "1.1.3"
  resolved "https://registry.npm.taobao.org/string-hash/download/string-hash-1.1.3.tgz#e8aafc0ac1855b4666929ed7dd1275df5d6c811b"
  integrity sha1-6Kr8CsGFW0Zmkp7X3RJ1311sgRs=

string_decoder@~1.1.1:
  version "1.1.1"
  resolved "https://registry.npm.taobao.org/string_decoder/download/string_decoder-1.1.1.tgz#9cf1611ba62685d7030ae9e4ba34149c3af03fc8"
  integrity sha1-nPFhG6YmhdcDCunkujQUnDrwP8g=
  dependencies:
    safe-buffer "~5.1.0"

to-fast-properties@^2.0.0:
  version "2.0.0"
  resolved "https://registry.npm.taobao.org/to-fast-properties/download/to-fast-properties-2.0.0.tgz#dc5e698cbd079265bc73e0377681a4e4e83f616e"
  integrity sha1-3F5pjL0HkmW8c+A3doGk5Og/YW4=

to-regex-range@^5.0.1:
  version "5.0.1"
  resolved "https://registry.npm.taobao.org/to-regex-range/download/to-regex-range-5.0.1.tgz#1648c44aae7c8d988a326018ed72f5b4dd0392e4"
  integrity sha1-FkjESq58jZiKMmAY7XL1tN0DkuQ=
  dependencies:
    is-number "^7.0.0"

"traverse@>=0.3.0 <0.4":
  version "0.3.9"
  resolved "https://registry.npm.taobao.org/traverse/download/traverse-0.3.9.tgz#717b8f220cc0bb7b44e40514c22b2e8bbc70d8b9"
  integrity sha1-cXuPIgzAu3tE5AUUwisui7xw2Lk=

tslib@^1.9.3:
  version "1.14.1"
  resolved "https://registry.npm.taobao.org/tslib/download/tslib-1.14.1.tgz#cf2d38bdc34a134bcaf1091c41f6619e2f672d00"
  integrity sha1-zy04vcNKE0vK8QkcQfZhni9nLQA=

tslib@^2.0.3:
  version "2.1.0"
  resolved "https://registry.npm.taobao.org/tslib/download/tslib-2.1.0.tgz#da60860f1c2ecaa5703ab7d39bc05b6bf988b97a"
  integrity sha1-2mCGDxwuyqVwOrfTm8Bba/mIuXo=

typescript@^4.1.3:
  version "4.2.3"
  resolved "https://registry.npm.taobao.org/typescript/download/typescript-4.2.3.tgz?cache=0&sync_timestamp=1617016226419&other_urls=https%3A%2F%2Fregistry.npm.taobao.org%2Ftypescript%2Fdownload%2Ftypescript-4.2.3.tgz#39062d8019912d43726298f09493d598048c1ce3"
  integrity sha1-OQYtgBmRLUNyYpjwlJPVmASMHOM=

uniq@^1.0.1:
  version "1.0.1"
  resolved "https://registry.npm.taobao.org/uniq/download/uniq-1.0.1.tgz#b31c5ae8254844a3a8281541ce2b04b865a734ff"
  integrity sha1-sxxa6CVIRKOoKBVBzisEuGWnNP8=

unzipper@latest:
  version "0.10.11"
  resolved "https://registry.npm.taobao.org/unzipper/download/unzipper-0.10.11.tgz#0b4991446472cbdb92ee7403909f26c2419c782e"
  integrity sha1-C0mRRGRyy9uS7nQDkJ8mwkGceC4=
  dependencies:
    big-integer "^1.6.17"
    binary "~0.3.0"
    bluebird "~3.4.1"
    buffer-indexof-polyfill "~1.0.0"
    duplexer2 "~0.1.4"
    fstream "^1.0.12"
    graceful-fs "^4.2.2"
    listenercount "~1.0.1"
    readable-stream "~2.3.6"
    setimmediate "~1.0.4"

upper-case-first@^2.0.2:
  version "2.0.2"
  resolved "https://registry.npm.taobao.org/upper-case-first/download/upper-case-first-2.0.2.tgz?cache=0&sync_timestamp=1606867326586&other_urls=https%3A%2F%2Fregistry.npm.taobao.org%2Fupper-case-first%2Fdownload%2Fupper-case-first-2.0.2.tgz#992c3273f882abd19d1e02894cc147117f844324"
  integrity sha1-mSwyc/iCq9GdHgKJTMFHEX+EQyQ=
  dependencies:
    tslib "^2.0.3"

upper-case@^2.0.2:
  version "2.0.2"
  resolved "https://registry.npm.taobao.org/upper-case/download/upper-case-2.0.2.tgz#d89810823faab1df1549b7d97a76f8662bae6f7a"
  integrity sha1-2JgQgj+qsd8VSbfZenb4Ziuub3o=
  dependencies:
    tslib "^2.0.3"

util-deprecate@^1.0.2, util-deprecate@~1.0.1:
  version "1.0.2"
  resolved "https://registry.npm.taobao.org/util-deprecate/download/util-deprecate-1.0.2.tgz#450d4dc9fa70de732762fbd2d4a28981419a0ccf"
  integrity sha1-RQ1Nyfpw3nMnYvvS1KKJgUGaDM8=

vite-plugin-style-import@^0.9.1:
  version "0.9.1"
  resolved "https://registry.npm.taobao.org/vite-plugin-style-import/download/vite-plugin-style-import-0.9.1.tgz#259a0358c20628e9814cc6c4cf25f389b5761945"
  integrity sha1-JZoDWMIGKOmBTMbEzyXzibV2GUU=
  dependencies:
    "@rollup/pluginutils" "^4.1.0"
    change-case "^4.1.2"
    debug "^4.3.2"
    es-module-lexer "^0.4.1"
    magic-string "^0.25.7"

vite@^2.1.3:
  version "2.1.4"
  resolved "https://registry.npm.taobao.org/vite/download/vite-2.1.4.tgz?cache=0&sync_timestamp=1617068381296&other_urls=https%3A%2F%2Fregistry.npm.taobao.org%2Fvite%2Fdownload%2Fvite-2.1.4.tgz#66396823701e54cf3bfb9f73dbd386c9b4329c86"
  integrity sha1-ZjloI3AeVM87+59z29OGybQynIY=
  dependencies:
    esbuild "^0.9.3"
    postcss "^8.2.1"
    resolve "^1.19.0"
    rollup "^2.38.5"
  optionalDependencies:
    fsevents "~2.3.1"

vue-tsc@^0.0.8:
  version "0.0.8"
  resolved "https://registry.npm.taobao.org/vue-tsc/download/vue-tsc-0.0.8.tgz?cache=0&sync_timestamp=1617031974340&other_urls=https%3A%2F%2Fregistry.npm.taobao.org%2Fvue-tsc%2Fdownload%2Fvue-tsc-0.0.8.tgz#2b2912d0c11e0d7bfd8d4ea89883c5acd722ac39"
  integrity sha1-KykS0MEeDXv9jU6omIPFrNcirDk=
  dependencies:
    unzipper latest

vue@^3.0.5:
  version "3.0.9"
  resolved "https://registry.npm.taobao.org/vue/download/vue-3.0.9.tgz#c68ffc0e4aa2b0f1905124a9037b6e352de469ad"
  integrity sha1-xo/8DkqisPGQUSSpA3tuNS3kaa0=
  dependencies:
    "@vue/compiler-dom" "3.0.9"
    "@vue/runtime-dom" "3.0.9"
    "@vue/shared" "3.0.9"

vuedraggable@^4.0.1:
  version "4.0.1"
  resolved "https://registry.npm.taobao.org/vuedraggable/download/vuedraggable-4.0.1.tgz#3bcaab0808b7944030b7d9a29f9a63d59dfa12c5"
  integrity sha1-O8qrCAi3lEAwt9min5pj1Z36EsU=
  dependencies:
    sortablejs "1.10.2"

vuex@^4.0.0:
  version "4.0.0"
  resolved "https://registry.npm.taobao.org/vuex/download/vuex-4.0.0.tgz#ac877aa76a9c45368c979471e461b520d38e6cf5"
  integrity sha1-rId6p2qcRTaMl5Rx5GG1INOObPU=

wrappy@1:
  version "1.0.2"
  resolved "https://registry.npm.taobao.org/wrappy/download/wrappy-1.0.2.tgz#b5243d8f3ec1aa35f1364605bc0d1036e30ab69f"
  integrity sha1-tSQ9jz7BqjXxNkYFvA0QNuMKtp8=

yallist@^3.0.2:
  version "3.1.1"
  resolved "https://registry.npm.taobao.org/yallist/download/yallist-3.1.1.tgz#dbb7daf9bfd8bac9ab45ebf602b8cbad0d5d08fd"
  integrity sha1-27fa+b/YusmrRev2ArjLrQ1dCP0=
